
Microsoft Visual Studio Solution File, Format Version 12.00
# Visual Studio Version 17
VisualStudioVersion = 17.14.36221.1 d17.14
MinimumVisualStudioVersion = 10.0.40219.1
Project("{FAE04EC0-301F-11D3-BF4B-00C04F79EFBC}") = "Assignment", "WebApplication1\Assignment.csproj", "{95D8344E-AD8F-42BA-8B56-9576DE1B8A19}"
EndProject
Global
	GlobalSection(SolutionConfigurationPlatforms) = preSolution
		Debug|Any CPU = Debug|Any CPU
		Release|Any CPU = Release|Any CPU
	EndGlobalSection
	GlobalSection(ProjectConfigurationPlatforms) = postSolution
		{95D8344E-AD8F-42BA-8B56-9576DE1B8A19}.Debug|Any CPU.ActiveCfg = Debug|Any CPU
		{95D8344E-AD8F-42BA-8B56-9576DE1B8A19}.Debug|Any CPU.Build.0 = Debug|Any CPU
		{95D8344E-AD8F-42BA-8B56-9576DE1B8A19}.Release|Any CPU.ActiveCfg = Release|Any CPU
		{95D8344E-AD8F-42BA-8B56-9576DE1B8A19}.Release|Any CPU.Build.0 = Release|Any CPU
	EndGlobalSection
	GlobalSection(SolutionProperties) = preSolution
		HideSolutionNode = FALSE
	EndGlobalSection
	GlobalSection(ExtensibilityGlobals) = postSolution
		SolutionGuid = {238B20BE-0A3D-4930-A6A9-9C82862C2E7D}
	EndGlobalSection
EndGlobal
