
Microsoft Visual Studio Solution File, Format Version 12.00
# Visual Studio Version 17
VisualStudioVersion = 17.14.36221.1
MinimumVisualStudioVersion = 10.0.40219.1
Project("{FAE04EC0-301F-11D3-BF4B-00C04F79EFBC}") = "WebApplication2", "WebApplication2\WebApplication2.csproj", "{7D6C61FF-0721-4BAE-BD48-36CBE323596D}"
EndProject
Global
	GlobalSection(SolutionConfigurationPlatforms) = preSolution
		Debug|Any CPU = Debug|Any CPU
		Release|Any CPU = Release|Any CPU
	EndGlobalSection
	GlobalSection(ProjectConfigurationPlatforms) = postSolution
		{7D6C61FF-0721-4BAE-BD48-36CBE323596D}.Debug|Any CPU.ActiveCfg = Debug|Any CPU
		{7D6C61FF-0721-4BAE-BD48-36CBE323596D}.Debug|Any CPU.Build.0 = Debug|Any CPU
		{7D6C61FF-0721-4BAE-BD48-36CBE323596D}.Release|Any CPU.ActiveCfg = Release|Any CPU
		{7D6C61FF-0721-4BAE-BD48-36CBE323596D}.Release|Any CPU.Build.0 = Release|Any CPU
	EndGlobalSection
	GlobalSection(SolutionProperties) = preSolution
		HideSolutionNode = FALSE
	EndGlobalSection
	GlobalSection(ExtensibilityGlobals) = postSolution
		SolutionGuid = {0F2D7081-C8B9-4B74-A511-6DDF9DA7B27F}
	EndGlobalSection
EndGlobal
